// !$*UTF8*$!
{
	archiveVersion = 1;
	classes = {
	};
	objectVersion = 48;
	objects = {

/* Begin PBXBuildFile section */
		5F184DF91FE2353900789BDF /* NotSupportedViewController.swift in Sources */ = {isa = PBXBuildFile; fileRef = 5F184DF81FE2353900789BDF /* NotSupportedViewController.swift */; };
		5F184E301FE2837A00789BDF /* ViewController.swift in Sources */ = {isa = PBXBuildFile; fileRef = 5F184E2F1FE2837A00789BDF /* ViewController.swift */; };
		5F184E3D1FE283A800789BDF /* CGPoint+Extensions.swift in Sources */ = {isa = PBXBuildFile; fileRef = 5F184E341FE283A700789BDF /* CGPoint+Extensions.swift */; };
		5F184E3E1FE283A800789BDF /* CLLocation+Extensions.swift in Sources */ = {isa = PBXBuildFile; fileRef = 5F184E351FE283A700789BDF /* CLLocation+Extensions.swift */; };
		5F184E3F1FE283A800789BDF /* FloatingPoint+Radians.swift in Sources */ = {isa = PBXBuildFile; fileRef = 5F184E361FE283A700789BDF /* FloatingPoint+Radians.swift */; };
		5F184E401FE283A800789BDF /* LocationManager.swift in Sources */ = {isa = PBXBuildFile; fileRef = 5F184E371FE283A700789BDF /* LocationManager.swift */; };
		5F184E411FE283A800789BDF /* LocationNode.swift in Sources */ = {isa = PBXBuildFile; fileRef = 5F184E381FE283A700789BDF /* LocationNode.swift */; };
		5F184E421FE283A800789BDF /* SceneLocationEstimate+Extensions.swift in Sources */ = {isa = PBXBuildFile; fileRef = 5F184E391FE283A700789BDF /* SceneLocationEstimate+Extensions.swift */; };
		5F184E431FE283A800789BDF /* SceneLocationEstimate.swift in Sources */ = {isa = PBXBuildFile; fileRef = 5F184E3A1FE283A700789BDF /* SceneLocationEstimate.swift */; };
		5F184E441FE283A800789BDF /* SCNNode+Extensions.swift in Sources */ = {isa = PBXBuildFile; fileRef = 5F184E3B1FE283A700789BDF /* SCNNode+Extensions.swift */; };
		5F184E451FE283A800789BDF /* SCNVector3+Extensions.swift in Sources */ = {isa = PBXBuildFile; fileRef = 5F184E3C1FE283A700789BDF /* SCNVector3+Extensions.swift */; };
		5F184E471FE283D800789BDF /* Main.storyboard in Resources */ = {isa = PBXBuildFile; fileRef = 5F184E461FE283D800789BDF /* Main.storyboard */; };
		5F184E491FE2848F00789BDF /* SceneLocationView.swift in Sources */ = {isa = PBXBuildFile; fileRef = 5F184E481FE2848F00789BDF /* SceneLocationView.swift */; };
		5F184E4B1FE3753F00789BDF /* GoogleService-Info.plist in Resources */ = {isa = PBXBuildFile; fileRef = 5F184E4A1FE3753E00789BDF /* GoogleService-Info.plist */; };
		5FBE57331FDEB8FF002FDEB3 /* AppDelegate.swift in Sources */ = {isa = PBXBuildFile; fileRef = 5FBE57321FDEB8FF002FDEB3 /* AppDelegate.swift */; };
		5FBE57351FDEB8FF002FDEB3 /* art.scnassets in Resources */ = {isa = PBXBuildFile; fileRef = 5FBE57341FDEB8FF002FDEB3 /* art.scnassets */; };
		5FBE573C1FDEB8FF002FDEB3 /* Assets.xcassets in Resources */ = {isa = PBXBuildFile; fileRef = 5FBE573B1FDEB8FF002FDEB3 /* Assets.xcassets */; };
		5FBE573F1FDEB8FF002FDEB3 /* LaunchScreen.storyboard in Resources */ = {isa = PBXBuildFile; fileRef = 5FBE573D1FDEB8FF002FDEB3 /* LaunchScreen.storyboard */; };
		F5C5A5C9C623F8B481215331 /* Pods_FollowMe.framework in Frameworks */ = {isa = PBXBuildFile; fileRef = 66DFB47838EA75E502DDE38C /* Pods_FollowMe.framework */; };
/* End PBXBuildFile section */

/* Begin PBXFileReference section */
		4B796D359C7781C267534C07 /* Pods-FollowMe.debug.xcconfig */ = {isa = PBXFileReference; includeInIndex = 1; lastKnownFileType = text.xcconfig; name = "Pods-FollowMe.debug.xcconfig"; path = "Pods/Target Support Files/Pods-FollowMe/Pods-FollowMe.debug.xcconfig"; sourceTree = "<group>"; };
		5F184DF81FE2353900789BDF /* NotSupportedViewController.swift */ = {isa = PBXFileReference; lastKnownFileType = sourcecode.swift; path = NotSupportedViewController.swift; sourceTree = "<group>"; };
		5F184E2F1FE2837A00789BDF /* ViewController.swift */ = {isa = PBXFileReference; fileEncoding = 4; lastKnownFileType = sourcecode.swift; path = ViewController.swift; sourceTree = "<group>"; };
		5F184E341FE283A700789BDF /* CGPoint+Extensions.swift */ = {isa = PBXFileReference; fileEncoding = 4; lastKnownFileType = sourcecode.swift; path = "CGPoint+Extensions.swift"; sourceTree = "<group>"; };
		5F184E351FE283A700789BDF /* CLLocation+Extensions.swift */ = {isa = PBXFileReference; fileEncoding = 4; lastKnownFileType = sourcecode.swift; path = "CLLocation+Extensions.swift"; sourceTree = "<group>"; };
		5F184E361FE283A700789BDF /* FloatingPoint+Radians.swift */ = {isa = PBXFileReference; fileEncoding = 4; lastKnownFileType = sourcecode.swift; path = "FloatingPoint+Radians.swift"; sourceTree = "<group>"; };
		5F184E371FE283A700789BDF /* LocationManager.swift */ = {isa = PBXFileReference; fileEncoding = 4; lastKnownFileType = sourcecode.swift; path = LocationManager.swift; sourceTree = "<group>"; };
		5F184E381FE283A700789BDF /* LocationNode.swift */ = {isa = PBXFileReference; fileEncoding = 4; lastKnownFileType = sourcecode.swift; path = LocationNode.swift; sourceTree = "<group>"; };
		5F184E391FE283A700789BDF /* SceneLocationEstimate+Extensions.swift */ = {isa = PBXFileReference; fileEncoding = 4; lastKnownFileType = sourcecode.swift; path = "SceneLocationEstimate+Extensions.swift"; sourceTree = "<group>"; };
		5F184E3A1FE283A700789BDF /* SceneLocationEstimate.swift */ = {isa = PBXFileReference; fileEncoding = 4; lastKnownFileType = sourcecode.swift; path = SceneLocationEstimate.swift; sourceTree = "<group>"; };
		5F184E3B1FE283A700789BDF /* SCNNode+Extensions.swift */ = {isa = PBXFileReference; fileEncoding = 4; lastKnownFileType = sourcecode.swift; path = "SCNNode+Extensions.swift"; sourceTree = "<group>"; };
		5F184E3C1FE283A700789BDF /* SCNVector3+Extensions.swift */ = {isa = PBXFileReference; fileEncoding = 4; lastKnownFileType = sourcecode.swift; path = "SCNVector3+Extensions.swift"; sourceTree = "<group>"; };
		5F184E461FE283D800789BDF /* Main.storyboard */ = {isa = PBXFileReference; fileEncoding = 4; lastKnownFileType = file.storyboard; path = Main.storyboard; sourceTree = "<group>"; };
		5F184E481FE2848F00789BDF /* SceneLocationView.swift */ = {isa = PBXFileReference; fileEncoding = 4; lastKnownFileType = sourcecode.swift; path = SceneLocationView.swift; sourceTree = "<group>"; };
		5F184E4A1FE3753E00789BDF /* GoogleService-Info.plist */ = {isa = PBXFileReference; fileEncoding = 4; lastKnownFileType = text.plist.xml; path = "GoogleService-Info.plist"; sourceTree = "<group>"; };
		5FBE572F1FDEB8FF002FDEB3 /* FollowMe.app */ = {isa = PBXFileReference; explicitFileType = wrapper.application; includeInIndex = 0; path = FollowMe.app; sourceTree = BUILT_PRODUCTS_DIR; };
		5FBE57321FDEB8FF002FDEB3 /* AppDelegate.swift */ = {isa = PBXFileReference; lastKnownFileType = sourcecode.swift; path = AppDelegate.swift; sourceTree = "<group>"; };
		5FBE57341FDEB8FF002FDEB3 /* art.scnassets */ = {isa = PBXFileReference; lastKnownFileType = wrapper.scnassets; path = art.scnassets; sourceTree = "<group>"; };
		5FBE573B1FDEB8FF002FDEB3 /* Assets.xcassets */ = {isa = PBXFileReference; lastKnownFileType = folder.assetcatalog; path = Assets.xcassets; sourceTree = "<group>"; };
		5FBE573E1FDEB8FF002FDEB3 /* Base */ = {isa = PBXFileReference; lastKnownFileType = file.storyboard; name = Base; path = Base.lproj/LaunchScreen.storyboard; sourceTree = "<group>"; };
		5FBE57401FDEB8FF002FDEB3 /* Info.plist */ = {isa = PBXFileReference; lastKnownFileType = text.plist.xml; path = Info.plist; sourceTree = "<group>"; };
		66DFB47838EA75E502DDE38C /* Pods_FollowMe.framework */ = {isa = PBXFileReference; explicitFileType = wrapper.framework; includeInIndex = 0; path = Pods_FollowMe.framework; sourceTree = BUILT_PRODUCTS_DIR; };
		F28DA5FDC88243CE723DF950 /* Pods-FollowMe.release.xcconfig */ = {isa = PBXFileReference; includeInIndex = 1; lastKnownFileType = text.xcconfig; name = "Pods-FollowMe.release.xcconfig"; path = "Pods/Target Support Files/Pods-FollowMe/Pods-FollowMe.release.xcconfig"; sourceTree = "<group>"; };
/* End PBXFileReference section */

/* Begin PBXFrameworksBuildPhase section */
		5FBE572C1FDEB8FF002FDEB3 /* Frameworks */ = {
			isa = PBXFrameworksBuildPhase;
			buildActionMask = 2147483647;
			files = (
				F5C5A5C9C623F8B481215331 /* Pods_FollowMe.framework in Frameworks */,
			);
			runOnlyForDeploymentPostprocessing = 0;
		};
/* End PBXFrameworksBuildPhase section */

/* Begin PBXGroup section */
		5B465C3C80935EDC5D2685F8 /* Pods */ = {
			isa = PBXGroup;
			children = (
				4B796D359C7781C267534C07 /* Pods-FollowMe.debug.xcconfig */,
				F28DA5FDC88243CE723DF950 /* Pods-FollowMe.release.xcconfig */,
			);
			name = Pods;
			sourceTree = "<group>";
		};
		5F184E331FE283A700789BDF /* Source */ = {
			isa = PBXGroup;
			children = (
				5F184E341FE283A700789BDF /* CGPoint+Extensions.swift */,
				5F184E351FE283A700789BDF /* CLLocation+Extensions.swift */,
				5F184E361FE283A700789BDF /* FloatingPoint+Radians.swift */,
				5F184E371FE283A700789BDF /* LocationManager.swift */,
				5F184E381FE283A700789BDF /* LocationNode.swift */,
				5F184E391FE283A700789BDF /* SceneLocationEstimate+Extensions.swift */,
				5F184E3A1FE283A700789BDF /* SceneLocationEstimate.swift */,
				5F184E3B1FE283A700789BDF /* SCNNode+Extensions.swift */,
				5F184E481FE2848F00789BDF /* SceneLocationView.swift */,
				5F184E3C1FE283A700789BDF /* SCNVector3+Extensions.swift */,
			);
			path = Source;
			sourceTree = "<group>";
		};
		5FBE57261FDEB8FF002FDEB3 = {
			isa = PBXGroup;
			children = (
				5FBE57311FDEB8FF002FDEB3 /* FollowMe */,
				5FBE57301FDEB8FF002FDEB3 /* Products */,
				5B465C3C80935EDC5D2685F8 /* Pods */,
				83443FCB039D975896EB26DE /* Frameworks */,
			);
			sourceTree = "<group>";
		};
		5FBE57301FDEB8FF002FDEB3 /* Products */ = {
			isa = PBXGroup;
			children = (
				5FBE572F1FDEB8FF002FDEB3 /* FollowMe.app */,
			);
			name = Products;
			sourceTree = "<group>";
		};
		5FBE57311FDEB8FF002FDEB3 /* FollowMe */ = {
			isa = PBXGroup;
			children = (
				5FBE57321FDEB8FF002FDEB3 /* AppDelegate.swift */,
				5F184DF81FE2353900789BDF /* NotSupportedViewController.swift */,
				5F184E2F1FE2837A00789BDF /* ViewController.swift */,
				5F184E461FE283D800789BDF /* Main.storyboard */,
				5FBE573B1FDEB8FF002FDEB3 /* Assets.xcassets */,
				5FBE57341FDEB8FF002FDEB3 /* art.scnassets */,
				5FBE573D1FDEB8FF002FDEB3 /* LaunchScreen.storyboard */,
				5F184E331FE283A700789BDF /* Source */,
				5FBE57401FDEB8FF002FDEB3 /* Info.plist */,
				5F184E4A1FE3753E00789BDF /* GoogleService-Info.plist */,
			);
			path = FollowMe;
			sourceTree = "<group>";
		};
		83443FCB039D975896EB26DE /* Frameworks */ = {
			isa = PBXGroup;
			children = (
				66DFB47838EA75E502DDE38C /* Pods_FollowMe.framework */,
			);
			name = Frameworks;
			sourceTree = "<group>";
		};
/* End PBXGroup section */

/* Begin PBXNativeTarget section */
		5FBE572E1FDEB8FF002FDEB3 /* FollowMe */ = {
			isa = PBXNativeTarget;
			buildConfigurationList = 5FBE57431FDEB8FF002FDEB3 /* Build configuration list for PBXNativeTarget "FollowMe" */;
			buildPhases = (
				C8F963D36AA1172AF3D6555C /* [CP] Check Pods Manifest.lock */,
				5FBE572B1FDEB8FF002FDEB3 /* Sources */,
				5FBE572C1FDEB8FF002FDEB3 /* Frameworks */,
				5FBE572D1FDEB8FF002FDEB3 /* Resources */,
				2E05892A70BE5D4F47065755 /* [CP] Embed Pods Frameworks */,
				F1A12D13009620F2F232958A /* [CP] Copy Pods Resources */,
			);
			buildRules = (
			);
			dependencies = (
			);
			name = FollowMe;
			productName = FollowMe;
			productReference = 5FBE572F1FDEB8FF002FDEB3 /* FollowMe.app */;
			productType = "com.apple.product-type.application";
		};
/* End PBXNativeTarget section */

/* Begin PBXProject section */
		5FBE57271FDEB8FF002FDEB3 /* Project object */ = {
			isa = PBXProject;
			attributes = {
				LastSwiftUpdateCheck = 0910;
				LastUpgradeCheck = 0910;
				ORGANIZATIONNAME = riverciao;
				TargetAttributes = {
					5FBE572E1FDEB8FF002FDEB3 = {
						CreatedOnToolsVersion = 9.1;
						ProvisioningStyle = Automatic;
					};
				};
			};
			buildConfigurationList = 5FBE572A1FDEB8FF002FDEB3 /* Build configuration list for PBXProject "FollowMe" */;
			compatibilityVersion = "Xcode 8.0";
			developmentRegion = en;
			hasScannedForEncodings = 0;
			knownRegions = (
				en,
				Base,
			);
			mainGroup = 5FBE57261FDEB8FF002FDEB3;
			productRefGroup = 5FBE57301FDEB8FF002FDEB3 /* Products */;
			projectDirPath = "";
			projectRoot = "";
			targets = (
				5FBE572E1FDEB8FF002FDEB3 /* FollowMe */,
			);
		};
/* End PBXProject section */

/* Begin PBXResourcesBuildPhase section */
		5FBE572D1FDEB8FF002FDEB3 /* Resources */ = {
			isa = PBXResourcesBuildPhase;
			buildActionMask = 2147483647;
			files = (
				5FBE57351FDEB8FF002FDEB3 /* art.scnassets in Resources */,
				5FBE573F1FDEB8FF002FDEB3 /* LaunchScreen.storyboard in Resources */,
				5F184E4B1FE3753F00789BDF /* GoogleService-Info.plist in Resources */,
				5FBE573C1FDEB8FF002FDEB3 /* Assets.xcassets in Resources */,
				5F184E471FE283D800789BDF /* Main.storyboard in Resources */,
			);
			runOnlyForDeploymentPostprocessing = 0;
		};
/* End PBXResourcesBuildPhase section */

/* Begin PBXShellScriptBuildPhase section */
		2E05892A70BE5D4F47065755 /* [CP] Embed Pods Frameworks */ = {
			isa = PBXShellScriptBuildPhase;
			buildActionMask = 2147483647;
			files = (
			);
			inputPaths = (
				"${SRCROOT}/Pods/Target Support Files/Pods-FollowMe/Pods-FollowMe-frameworks.sh",
				"${BUILT_PRODUCTS_DIR}/ARCL/ARCL.framework",
				"${BUILT_PRODUCTS_DIR}/CocoaLumberjack/CocoaLumberjack.framework",
				"${BUILT_PRODUCTS_DIR}/GoogleToolboxForMac/GoogleToolboxForMac.framework",
				"${BUILT_PRODUCTS_DIR}/nanopb/nanopb.framework",
			);
			name = "[CP] Embed Pods Frameworks";
			outputPaths = (
				"${TARGET_BUILD_DIR}/${FRAMEWORKS_FOLDER_PATH}/ARCL.framework",
				"${TARGET_BUILD_DIR}/${FRAMEWORKS_FOLDER_PATH}/CocoaLumberjack.framework",
				"${TARGET_BUILD_DIR}/${FRAMEWORKS_FOLDER_PATH}/GoogleToolboxForMac.framework",
				"${TARGET_BUILD_DIR}/${FRAMEWORKS_FOLDER_PATH}/nanopb.framework",
			);
			runOnlyForDeploymentPostprocessing = 0;
			shellPath = /bin/sh;
			shellScript = "\"${SRCROOT}/Pods/Target Support Files/Pods-FollowMe/Pods-FollowMe-frameworks.sh\"\n";
			showEnvVarsInLog = 0;
		};
		C8F963D36AA1172AF3D6555C /* [CP] Check Pods Manifest.lock */ = {
			isa = PBXShellScriptBuildPhase;
			buildActionMask = 2147483647;
			files = (
			);
			inputPaths = (
				"${PODS_PODFILE_DIR_PATH}/Podfile.lock",
				"${PODS_ROOT}/Manifest.lock",
			);
			name = "[CP] Check Pods Manifest.lock";
			outputPaths = (
				"$(DERIVED_FILE_DIR)/Pods-FollowMe-checkManifestLockResult.txt",
			);
			runOnlyForDeploymentPostprocessing = 0;
			shellPath = /bin/sh;
			shellScript = "diff \"${PODS_PODFILE_DIR_PATH}/Podfile.lock\" \"${PODS_ROOT}/Manifest.lock\" > /dev/null\nif [ $? != 0 ] ; then\n    # print error to STDERR\n    echo \"error: The sandbox is not in sync with the Podfile.lock. Run 'pod install' or update your CocoaPods installation.\" >&2\n    exit 1\nfi\n# This output is used by Xcode 'outputs' to avoid re-running this script phase.\necho \"SUCCESS\" > \"${SCRIPT_OUTPUT_FILE_0}\"\n";
			showEnvVarsInLog = 0;
		};
		F1A12D13009620F2F232958A /* [CP] Copy Pods Resources */ = {
			isa = PBXShellScriptBuildPhase;
			buildActionMask = 2147483647;
			files = (
			);
			inputPaths = (
			);
			name = "[CP] Copy Pods Resources";
			outputPaths = (
			);
			runOnlyForDeploymentPostprocessing = 0;
			shellPath = /bin/sh;
			shellScript = "\"${SRCROOT}/Pods/Target Support Files/Pods-FollowMe/Pods-FollowMe-resources.sh\"\n";
			showEnvVarsInLog = 0;
		};
/* End PBXShellScriptBuildPhase section */

/* Begin PBXSourcesBuildPhase section */
		5FBE572B1FDEB8FF002FDEB3 /* Sources */ = {
			isa = PBXSourcesBuildPhase;
			buildActionMask = 2147483647;
			files = (
				5F184E301FE2837A00789BDF /* ViewController.swift in Sources */,
				5F184E431FE283A800789BDF /* SceneLocationEstimate.swift in Sources */,
				5F184E3E1FE283A800789BDF /* CLLocation+Extensions.swift in Sources */,
				5F184E441FE283A800789BDF /* SCNNode+Extensions.swift in Sources */,
				5F184DF91FE2353900789BDF /* NotSupportedViewController.swift in Sources */,
				5F184E401FE283A800789BDF /* LocationManager.swift in Sources */,
				5F184E421FE283A800789BDF /* SceneLocationEstimate+Extensions.swift in Sources */,
				5F184E491FE2848F00789BDF /* SceneLocationView.swift in Sources */,
				5F184E451FE283A800789BDF /* SCNVector3+Extensions.swift in Sources */,
				5F184E411FE283A800789BDF /* LocationNode.swift in Sources */,
				5F184E3D1FE283A800789BDF /* CGPoint+Extensions.swift in Sources */,
				5FBE57331FDEB8FF002FDEB3 /* AppDelegate.swift in Sources */,
				5F184E3F1FE283A800789BDF /* FloatingPoint+Radians.swift in Sources */,
			);
			runOnlyForDeploymentPostprocessing = 0;
		};
/* End PBXSourcesBuildPhase section */

/* Begin PBXVariantGroup section */
		5FBE573D1FDEB8FF002FDEB3 /* LaunchScreen.storyboard */ = {
			isa = PBXVariantGroup;
			children = (
				5FBE573E1FDEB8FF002FDEB3 /* Base */,
			);
			name = LaunchScreen.storyboard;
			sourceTree = "<group>";
		};
/* End PBXVariantGroup section */

/* Begin XCBuildConfiguration section */
		5FBE57411FDEB8FF002FDEB3 /* Debug */ = {
			isa = XCBuildConfiguration;
			buildSettings = {
				ALWAYS_SEARCH_USER_PATHS = NO;
				CLANG_ANALYZER_NONNULL = YES;
				CLANG_ANALYZER_NUMBER_OBJECT_CONVERSION = YES_AGGRESSIVE;
				CLANG_CXX_LANGUAGE_STANDARD = "gnu++14";
				CLANG_CXX_LIBRARY = "libc++";
				CLANG_ENABLE_MODULES = YES;
				CLANG_ENABLE_OBJC_ARC = YES;
				CLANG_WARN_BLOCK_CAPTURE_AUTORELEASING = YES;
				CLANG_WARN_BOOL_CONVERSION = YES;
				CLANG_WARN_COMMA = YES;
				CLANG_WARN_CONSTANT_CONVERSION = YES;
				CLANG_WARN_DIRECT_OBJC_ISA_USAGE = YES_ERROR;
				CLANG_WARN_DOCUMENTATION_COMMENTS = YES;
				CLANG_WARN_EMPTY_BODY = YES;
				CLANG_WARN_ENUM_CONVERSION = YES;
				CLANG_WARN_INFINITE_RECURSION = YES;
				CLANG_WARN_INT_CONVERSION = YES;
				CLANG_WARN_NON_LITERAL_NULL_CONVERSION = YES;
				CLANG_WARN_OBJC_LITERAL_CONVERSION = YES;
				CLANG_WARN_OBJC_ROOT_CLASS = YES_ERROR;
				CLANG_WARN_RANGE_LOOP_ANALYSIS = YES;
				CLANG_WARN_STRICT_PROTOTYPES = YES;
				CLANG_WARN_SUSPICIOUS_MOVE = YES;
				CLANG_WARN_UNGUARDED_AVAILABILITY = YES_AGGRESSIVE;
				CLANG_WARN_UNREACHABLE_CODE = YES;
				CLANG_WARN__DUPLICATE_METHOD_MATCH = YES;
				CODE_SIGN_IDENTITY = "iPhone Developer";
				COPY_PHASE_STRIP = NO;
				DEBUG_INFORMATION_FORMAT = dwarf;
				ENABLE_STRICT_OBJC_MSGSEND = YES;
				ENABLE_TESTABILITY = YES;
				GCC_C_LANGUAGE_STANDARD = gnu11;
				GCC_DYNAMIC_NO_PIC = NO;
				GCC_NO_COMMON_BLOCKS = YES;
				GCC_OPTIMIZATION_LEVEL = 0;
				GCC_PREPROCESSOR_DEFINITIONS = (
					"DEBUG=1",
					"$(inherited)",
				);
				GCC_WARN_64_TO_32_BIT_CONVERSION = YES;
				GCC_WARN_ABOUT_RETURN_TYPE = YES_ERROR;
				GCC_WARN_UNDECLARED_SELECTOR = YES;
				GCC_WARN_UNINITIALIZED_AUTOS = YES_AGGRESSIVE;
				GCC_WARN_UNUSED_FUNCTION = YES;
				GCC_WARN_UNUSED_VARIABLE = YES;
				IPHONEOS_DEPLOYMENT_TARGET = 11.1;
				MTL_ENABLE_DEBUG_INFO = YES;
				ONLY_ACTIVE_ARCH = YES;
				SDKROOT = iphoneos;
				SWIFT_ACTIVE_COMPILATION_CONDITIONS = DEBUG;
				SWIFT_OPTIMIZATION_LEVEL = "-Onone";
			};
			name = Debug;
		};
		5FBE57421FDEB8FF002FDEB3 /* Release */ = {
			isa = XCBuildConfiguration;
			buildSettings = {
				ALWAYS_SEARCH_USER_PATHS = NO;
				CLANG_ANALYZER_NONNULL = YES;
				CLANG_ANALYZER_NUMBER_OBJECT_CONVERSION = YES_AGGRESSIVE;
				CLANG_CXX_LANGUAGE_STANDARD = "gnu++14";
				CLANG_CXX_LIBRARY = "libc++";
				CLANG_ENABLE_MODULES = YES;
				CLANG_ENABLE_OBJC_ARC = YES;
				CLANG_WARN_BLOCK_CAPTURE_AUTORELEASING = YES;
				CLANG_WARN_BOOL_CONVERSION = YES;
				CLANG_WARN_COMMA = YES;
				CLANG_WARN_CONSTANT_CONVERSION = YES;
				CLANG_WARN_DIRECT_OBJC_ISA_USAGE = YES_ERROR;
				CLANG_WARN_DOCUMENTATION_COMMENTS = YES;
				CLANG_WARN_EMPTY_BODY = YES;
				CLANG_WARN_ENUM_CONVERSION = YES;
				CLANG_WARN_INFINITE_RECURSION = YES;
				CLANG_WARN_INT_CONVERSION = YES;
				CLANG_WARN_NON_LITERAL_NULL_CONVERSION = YES;
				CLANG_WARN_OBJC_LITERAL_CONVERSION = YES;
				CLANG_WARN_OBJC_ROOT_CLASS = YES_ERROR;
				CLANG_WARN_RANGE_LOOP_ANALYSIS = YES;
				CLANG_WARN_STRICT_PROTOTYPES = YES;
				CLANG_WARN_SUSPICIOUS_MOVE = YES;
				CLANG_WARN_UNGUARDED_AVAILABILITY = YES_AGGRESSIVE;
				CLANG_WARN_UNREACHABLE_CODE = YES;
				CLANG_WARN__DUPLICATE_METHOD_MATCH = YES;
				CODE_SIGN_IDENTITY = "iPhone Developer";
				COPY_PHASE_STRIP = NO;
				DEBUG_INFORMATION_FORMAT = "dwarf-with-dsym";
				ENABLE_NS_ASSERTIONS = NO;
				ENABLE_STRICT_OBJC_MSGSEND = YES;
				GCC_C_LANGUAGE_STANDARD = gnu11;
				GCC_NO_COMMON_BLOCKS = YES;
				GCC_WARN_64_TO_32_BIT_CONVERSION = YES;
				GCC_WARN_ABOUT_RETURN_TYPE = YES_ERROR;
				GCC_WARN_UNDECLARED_SELECTOR = YES;
				GCC_WARN_UNINITIALIZED_AUTOS = YES_AGGRESSIVE;
				GCC_WARN_UNUSED_FUNCTION = YES;
				GCC_WARN_UNUSED_VARIABLE = YES;
				IPHONEOS_DEPLOYMENT_TARGET = 11.1;
				MTL_ENABLE_DEBUG_INFO = NO;
				SDKROOT = iphoneos;
				SWIFT_OPTIMIZATION_LEVEL = "-Owholemodule";
				VALIDATE_PRODUCT = YES;
			};
			name = Release;
		};
		5FBE57441FDEB8FF002FDEB3 /* Debug */ = {
			isa = XCBuildConfiguration;
			baseConfigurationReference = 4B796D359C7781C267534C07 /* Pods-FollowMe.debug.xcconfig */;
			buildSettings = {
				ASSETCATALOG_COMPILER_APPICON_NAME = AppIcon;
				CODE_SIGN_STYLE = Automatic;
				DEVELOPMENT_TEAM = Y2WQVV8TP4;
				INFOPLIST_FILE = FollowMe/Info.plist;
				LD_RUNPATH_SEARCH_PATHS = "$(inherited) @executable_path/Frameworks";
				PRODUCT_BUNDLE_IDENTIFIER = com.riverciao.FollowMe;
				PRODUCT_NAME = "$(TARGET_NAME)";
				SWIFT_VERSION = 4.0;
				TARGETED_DEVICE_FAMILY = "1,2";
			};
			name = Debug;
		};
		5FBE57451FDEB8FF002FDEB3 /* Release */ = {
			isa = XCBuildConfiguration;
			baseConfigurationReference = F28DA5FDC88243CE723DF950 /* Pods-FollowMe.release.xcconfig */;
			buildSettings = {
				ASSETCATALOG_COMPILER_APPICON_NAME = AppIcon;
				CODE_SIGN_STYLE = Automatic;
				DEVELOPMENT_TEAM = Y2WQVV8TP4;
				INFOPLIST_FILE = FollowMe/Info.plist;
				LD_RUNPATH_SEARCH_PATHS = "$(inherited) @executable_path/Frameworks";
				PRODUCT_BUNDLE_IDENTIFIER = com.riverciao.FollowMe;
				PRODUCT_NAME = "$(TARGET_NAME)";
				SWIFT_VERSION = 4.0;
				TARGETED_DEVICE_FAMILY = "1,2";
			};
			name = Release;
		};
/* End XCBuildConfiguration section */

/* Begin XCConfigurationList section */
		5FBE572A1FDEB8FF002FDEB3 /* Build configuration list for PBXProject "FollowMe" */ = {
			isa = XCConfigurationList;
			buildConfigurations = (
				5FBE57411FDEB8FF002FDEB3 /* Debug */,
				5FBE57421FDEB8FF002FDEB3 /* Release */,
			);
			defaultConfigurationIsVisible = 0;
			defaultConfigurationName = Release;
		};
		5FBE57431FDEB8FF002FDEB3 /* Build configuration list for PBXNativeTarget "FollowMe" */ = {
			isa = XCConfigurationList;
			buildConfigurations = (
				5FBE57441FDEB8FF002FDEB3 /* Debug */,
				5FBE57451FDEB8FF002FDEB3 /* Release */,
			);
			defaultConfigurationIsVisible = 0;
			defaultConfigurationName = Release;
		};
/* End XCConfigurationList section */
	};
	rootObject = 5FBE57271FDEB8FF002FDEB3 /* Project object */;
}
